
Microsoft Visual Studio Solution File, Format Version 12.00
# Visual Studio Version 17
VisualStudioVersion = 17.2.32630.192
MinimumVisualStudioVersion = 10.0.40219.1
Project("{FAE04EC0-301F-11D3-BF4B-00C04F79EFBC}") = "T2_1207022_JavierRuano", "T2_1207022_JavierRuano\T2_1207022_JavierRuano.csproj", "{62BC23F9-5E2F-4EFF-93FB-B221820EACCC}"
EndProject
Global
	GlobalSection(SolutionConfigurationPlatforms) = preSolution
		Debug|Any CPU = Debug|Any CPU
		Release|Any CPU = Release|Any CPU
	EndGlobalSection
	GlobalSection(ProjectConfigurationPlatforms) = postSolution
		{62BC23F9-5E2F-4EFF-93FB-B221820EACCC}.Debug|Any CPU.ActiveCfg = Debug|Any CPU
		{62BC23F9-5E2F-4EFF-93FB-B221820EACCC}.Debug|Any CPU.Build.0 = Debug|Any CPU
		{62BC23F9-5E2F-4EFF-93FB-B221820EACCC}.Release|Any CPU.ActiveCfg = Release|Any CPU
		{62BC23F9-5E2F-4EFF-93FB-B221820EACCC}.Release|Any CPU.Build.0 = Release|Any CPU
	EndGlobalSection
	GlobalSection(SolutionProperties) = preSolution
		HideSolutionNode = FALSE
	EndGlobalSection
	GlobalSection(ExtensibilityGlobals) = postSolution
		SolutionGuid = {3EF21D41-C84C-44E1-B858-CA3CC9185AE8}
	EndGlobalSection
EndGlobal
