
Microsoft Visual Studio Solution File, Format Version 12.00
# Visual Studio Version 17
VisualStudioVersion = 17.2.32630.192
MinimumVisualStudioVersion = 10.0.40219.1
Project("{FAE04EC0-301F-11D3-BF4B-00C04F79EFBC}") = "lab8_Ejercicio2_JavierRuano_1207022", "lab8_Ejercicio2_JavierRuano_1207022\lab8_Ejercicio2_JavierRuano_1207022.csproj", "{136D56EC-2E50-40EC-A264-848FD38665CD}"
EndProject
Global
	GlobalSection(SolutionConfigurationPlatforms) = preSolution
		Debug|Any CPU = Debug|Any CPU
		Release|Any CPU = Release|Any CPU
	EndGlobalSection
	GlobalSection(ProjectConfigurationPlatforms) = postSolution
		{136D56EC-2E50-40EC-A264-848FD38665CD}.Debug|Any CPU.ActiveCfg = Debug|Any CPU
		{136D56EC-2E50-40EC-A264-848FD38665CD}.Debug|Any CPU.Build.0 = Debug|Any CPU
		{136D56EC-2E50-40EC-A264-848FD38665CD}.Release|Any CPU.ActiveCfg = Release|Any CPU
		{136D56EC-2E50-40EC-A264-848FD38665CD}.Release|Any CPU.Build.0 = Release|Any CPU
	EndGlobalSection
	GlobalSection(SolutionProperties) = preSolution
		HideSolutionNode = FALSE
	EndGlobalSection
	GlobalSection(ExtensibilityGlobals) = postSolution
		SolutionGuid = {81559C8C-D6F8-4D1E-AE7B-020352B88755}
	EndGlobalSection
EndGlobal
